
Microsoft Visual Studio Solution File, Format Version 12.00
# Visual Studio 15
VisualStudioVersion = 15.0.27703.2018
MinimumVisualStudioVersion = 10.0.40219.1
Project("{FAE04EC0-301F-11D3-BF4B-00C04F79EFBC}") = "vamalikTestWebapp1", "vamalikTestWebapp1\vamalikTestWebapp1.csproj", "{29D0ACB3-BF4C-47C1-88AD-288BB1D4B223}"
EndProject
Global
	GlobalSection(SolutionConfigurationPlatforms) = preSolution
		Debug|Any CPU = Debug|Any CPU
		Release|Any CPU = Release|Any CPU
	EndGlobalSection
	GlobalSection(ProjectConfigurationPlatforms) = postSolution
		{29D0ACB3-BF4C-47C1-88AD-288BB1D4B223}.Debug|Any CPU.ActiveCfg = Debug|Any CPU
		{29D0ACB3-BF4C-47C1-88AD-288BB1D4B223}.Debug|Any CPU.Build.0 = Debug|Any CPU
		{29D0ACB3-BF4C-47C1-88AD-288BB1D4B223}.Release|Any CPU.ActiveCfg = Release|Any CPU
		{29D0ACB3-BF4C-47C1-88AD-288BB1D4B223}.Release|Any CPU.Build.0 = Release|Any CPU
	EndGlobalSection
	GlobalSection(SolutionProperties) = preSolution
		HideSolutionNode = FALSE
	EndGlobalSection
	GlobalSection(ExtensibilityGlobals) = postSolution
		SolutionGuid = {4850F9CC-00F6-46BB-A7D7-18778D2631DE}
	EndGlobalSection
EndGlobal
